
Microsoft Visual Studio Solution File, Format Version 12.00
# Visual Studio Version 17
VisualStudioVersion = 17.0.31903.59
MinimumVisualStudioVersion = 10.0.40219.1
Project("{F2A71F9B-5D33-465A-A702-920D77279786}") = "Calcpad.Studio.Core", "Calcpad.Studio.Core\Calcpad.Studio.Core.fsproj", "{D1AC3193-0B4E-4BAB-9A64-8E534F8D028E}"
EndProject
Project("{F2A71F9B-5D33-465A-A702-920D77279786}") = "Calcpad.Studio.Interop.CSI", "Calcpad.Studio.Interop.CSI\Calcpad.Studio.Interop.CSI.fsproj", "{7EA7BF1E-27E0-4DC0-B7FB-6E2DFADF4648}"
EndProject
Project("{F2A71F9B-5D33-465A-A702-920D77279786}") = "Calcpad.Studio.Core.Tests", "Calcpad.Studio.Core.Tests\Calcpad.Studio.Core.Tests.fsproj", "{CEF317BA-E14C-4363-BEEE-877E815A9A39}"
EndProject
Global
	GlobalSection(SolutionConfigurationPlatforms) = preSolution
		Debug|Any CPU = Debug|Any CPU
		Release|Any CPU = Release|Any CPU
	EndGlobalSection
	GlobalSection(SolutionProperties) = preSolution
		HideSolutionNode = FALSE
	EndGlobalSection
	GlobalSection(ProjectConfigurationPlatforms) = postSolution
		{D1AC3193-0B4E-4BAB-9A64-8E534F8D028E}.Debug|Any CPU.ActiveCfg = Debug|Any CPU
		{D1AC3193-0B4E-4BAB-9A64-8E534F8D028E}.Debug|Any CPU.Build.0 = Debug|Any CPU
		{D1AC3193-0B4E-4BAB-9A64-8E534F8D028E}.Release|Any CPU.ActiveCfg = Release|Any CPU
		{D1AC3193-0B4E-4BAB-9A64-8E534F8D028E}.Release|Any CPU.Build.0 = Release|Any CPU
		{7EA7BF1E-27E0-4DC0-B7FB-6E2DFADF4648}.Debug|Any CPU.ActiveCfg = Debug|Any CPU
		{7EA7BF1E-27E0-4DC0-B7FB-6E2DFADF4648}.Debug|Any CPU.Build.0 = Debug|Any CPU
		{7EA7BF1E-27E0-4DC0-B7FB-6E2DFADF4648}.Release|Any CPU.ActiveCfg = Release|Any CPU
		{7EA7BF1E-27E0-4DC0-B7FB-6E2DFADF4648}.Release|Any CPU.Build.0 = Release|Any CPU
		{CEF317BA-E14C-4363-BEEE-877E815A9A39}.Debug|Any CPU.ActiveCfg = Debug|Any CPU
		{CEF317BA-E14C-4363-BEEE-877E815A9A39}.Debug|Any CPU.Build.0 = Debug|Any CPU
		{CEF317BA-E14C-4363-BEEE-877E815A9A39}.Release|Any CPU.ActiveCfg = Release|Any CPU
		{CEF317BA-E14C-4363-BEEE-877E815A9A39}.Release|Any CPU.Build.0 = Release|Any CPU
	EndGlobalSection
EndGlobal
