
Microsoft Visual Studio Solution File, Format Version 12.00
# Visual Studio Version 17
VisualStudioVersion = 17.0.31903.59
MinimumVisualStudioVersion = 10.0.40219.1
Project("{2150E333-8FDC-42A3-9474-1A3956D46DE8}") = "fortress", "fortress", "{74FAC681-FDAC-491E-BD4E-D40079084A60}"
EndProject
Project("{F2A71F9B-5D33-465A-A702-920D77279786}") = "Fortress", "fortress\src\Fortress.fsproj", "{1E82F338-2F65-4C92-A2EA-B06515432E00}"
EndProject
Project("{F2A71F9B-5D33-465A-A702-920D77279786}") = "Fortress.Tests", "fortress\tests\Fortress.Tests.fsproj", "{F1955DAA-742E-4617-890E-36331CA8E9A3}"
EndProject
Project("{2150E333-8FDC-42A3-9474-1A3956D46DE8}") = "calcpad.studio", "calcpad.studio", "{8C338FD6-8DF1-4BC4-AF85-7AB95A8B3B35}"
EndProject
Project("{FAE04EC0-301F-11D3-BF4B-00C04F79EFBC}") = "Calcpad.Studio", "calcpad.studio\src\Calcpad.Studio.csproj", "{6BDC413E-ABA7-4573-8CAC-ADBCC8EA5B82}"
EndProject
Global
	GlobalSection(SolutionConfigurationPlatforms) = preSolution
		Debug|Any CPU = Debug|Any CPU
		Release|Any CPU = Release|Any CPU
	EndGlobalSection
	GlobalSection(SolutionProperties) = preSolution
		HideSolutionNode = FALSE
	EndGlobalSection
	GlobalSection(ProjectConfigurationPlatforms) = postSolution
		{1E82F338-2F65-4C92-A2EA-B06515432E00}.Debug|Any CPU.ActiveCfg = Debug|Any CPU
		{1E82F338-2F65-4C92-A2EA-B06515432E00}.Debug|Any CPU.Build.0 = Debug|Any CPU
		{1E82F338-2F65-4C92-A2EA-B06515432E00}.Release|Any CPU.ActiveCfg = Release|Any CPU
		{1E82F338-2F65-4C92-A2EA-B06515432E00}.Release|Any CPU.Build.0 = Release|Any CPU
		{F1955DAA-742E-4617-890E-36331CA8E9A3}.Debug|Any CPU.ActiveCfg = Debug|Any CPU
		{F1955DAA-742E-4617-890E-36331CA8E9A3}.Debug|Any CPU.Build.0 = Debug|Any CPU
		{F1955DAA-742E-4617-890E-36331CA8E9A3}.Release|Any CPU.ActiveCfg = Release|Any CPU
		{F1955DAA-742E-4617-890E-36331CA8E9A3}.Release|Any CPU.Build.0 = Release|Any CPU
		{6BDC413E-ABA7-4573-8CAC-ADBCC8EA5B82}.Debug|Any CPU.ActiveCfg = Debug|Any CPU
		{6BDC413E-ABA7-4573-8CAC-ADBCC8EA5B82}.Debug|Any CPU.Build.0 = Debug|Any CPU
		{6BDC413E-ABA7-4573-8CAC-ADBCC8EA5B82}.Release|Any CPU.ActiveCfg = Release|Any CPU
		{6BDC413E-ABA7-4573-8CAC-ADBCC8EA5B82}.Release|Any CPU.Build.0 = Release|Any CPU
	EndGlobalSection
	GlobalSection(NestedProjects) = preSolution
		{1E82F338-2F65-4C92-A2EA-B06515432E00} = {74FAC681-FDAC-491E-BD4E-D40079084A60}
		{F1955DAA-742E-4617-890E-36331CA8E9A3} = {74FAC681-FDAC-491E-BD4E-D40079084A60}
		{6BDC413E-ABA7-4573-8CAC-ADBCC8EA5B82} = {8C338FD6-8DF1-4BC4-AF85-7AB95A8B3B35}
	EndGlobalSection
EndGlobal
