
Microsoft Visual Studio Solution File, Format Version 12.00
# Visual Studio Version 17
VisualStudioVersion = 17.0.31903.59
MinimumVisualStudioVersion = 10.0.40219.1
Project("{2150E333-8FDC-42A3-9474-1A3956D46DE8}") = "src", "src", "{A75B9CFE-5DDA-451D-9FC5-F439D33AA479}"
EndProject
Project("{FAE04EC0-301F-11D3-BF4B-00C04F79EFBC}") = "Calcpad.Studio.CLI", "src\Calcpad.Studio.CLI\Calcpad.Studio.CLI.csproj", "{4D40B610-C925-49F0-84AE-BCC95126734F}"
EndProject
Project("{F2A71F9B-5D33-465A-A702-920D77279786}") = "Calcpad.Studio.Core", "src\Calcpad.Studio.Core\Calcpad.Studio.Core.fsproj", "{4A2D6C85-3DEC-4C0D-BF6E-A6C03AA6F7A0}"
EndProject
Project("{F2A71F9B-5D33-465A-A702-920D77279786}") = "Calcpad.Studio.Interop.CSI", "src\Calcpad.Studio.Interop.CSI\Calcpad.Studio.Interop.CSI.fsproj", "{FC7F1E80-DDA7-464A-99C6-9BCE2E1DE5A8}"
EndProject
Project("{FAE04EC0-301F-11D3-BF4B-00C04F79EFBC}") = "Calcpad.Studio.UI", "src\Calcpad.Studio.UI\Calcpad.Studio.UI.csproj", "{D46156A2-D68D-42E5-B539-E9001FE39A99}"
EndProject
Project("{FAE04EC0-301F-11D3-BF4B-00C04F79EFBC}") = "Calcpad.Studio.Web", "src\Calcpad.Studio.Web\Calcpad.Studio.Web.csproj", "{274B3BD4-F189-437B-83D9-188EDF223CC4}"
EndProject
Project("{2150E333-8FDC-42A3-9474-1A3956D46DE8}") = "tests", "tests", "{FD82F997-C4D8-4F66-8A62-F7D36F627E52}"
EndProject
Project("{F2A71F9B-5D33-465A-A702-920D77279786}") = "Calcpad.Studio.Core.Tests", "tests\Calcpad.Studio.Core.Tests\Calcpad.Studio.Core.Tests.fsproj", "{31D41A72-9028-4ED4-9DD6-564763D11F33}"
EndProject
Global
	GlobalSection(SolutionConfigurationPlatforms) = preSolution
		Debug|Any CPU = Debug|Any CPU
		Release|Any CPU = Release|Any CPU
	EndGlobalSection
	GlobalSection(SolutionProperties) = preSolution
		HideSolutionNode = FALSE
	EndGlobalSection
	GlobalSection(ProjectConfigurationPlatforms) = postSolution
		{4D40B610-C925-49F0-84AE-BCC95126734F}.Debug|Any CPU.ActiveCfg = Debug|Any CPU
		{4D40B610-C925-49F0-84AE-BCC95126734F}.Debug|Any CPU.Build.0 = Debug|Any CPU
		{4D40B610-C925-49F0-84AE-BCC95126734F}.Release|Any CPU.ActiveCfg = Release|Any CPU
		{4D40B610-C925-49F0-84AE-BCC95126734F}.Release|Any CPU.Build.0 = Release|Any CPU
		{4A2D6C85-3DEC-4C0D-BF6E-A6C03AA6F7A0}.Debug|Any CPU.ActiveCfg = Debug|Any CPU
		{4A2D6C85-3DEC-4C0D-BF6E-A6C03AA6F7A0}.Debug|Any CPU.Build.0 = Debug|Any CPU
		{4A2D6C85-3DEC-4C0D-BF6E-A6C03AA6F7A0}.Release|Any CPU.ActiveCfg = Release|Any CPU
		{4A2D6C85-3DEC-4C0D-BF6E-A6C03AA6F7A0}.Release|Any CPU.Build.0 = Release|Any CPU
		{FC7F1E80-DDA7-464A-99C6-9BCE2E1DE5A8}.Debug|Any CPU.ActiveCfg = Debug|Any CPU
		{FC7F1E80-DDA7-464A-99C6-9BCE2E1DE5A8}.Debug|Any CPU.Build.0 = Debug|Any CPU
		{FC7F1E80-DDA7-464A-99C6-9BCE2E1DE5A8}.Release|Any CPU.ActiveCfg = Release|Any CPU
		{FC7F1E80-DDA7-464A-99C6-9BCE2E1DE5A8}.Release|Any CPU.Build.0 = Release|Any CPU
		{D46156A2-D68D-42E5-B539-E9001FE39A99}.Debug|Any CPU.ActiveCfg = Debug|Any CPU
		{D46156A2-D68D-42E5-B539-E9001FE39A99}.Debug|Any CPU.Build.0 = Debug|Any CPU
		{D46156A2-D68D-42E5-B539-E9001FE39A99}.Release|Any CPU.ActiveCfg = Release|Any CPU
		{D46156A2-D68D-42E5-B539-E9001FE39A99}.Release|Any CPU.Build.0 = Release|Any CPU
		{274B3BD4-F189-437B-83D9-188EDF223CC4}.Debug|Any CPU.ActiveCfg = Debug|Any CPU
		{274B3BD4-F189-437B-83D9-188EDF223CC4}.Debug|Any CPU.Build.0 = Debug|Any CPU
		{274B3BD4-F189-437B-83D9-188EDF223CC4}.Release|Any CPU.ActiveCfg = Release|Any CPU
		{274B3BD4-F189-437B-83D9-188EDF223CC4}.Release|Any CPU.Build.0 = Release|Any CPU
		{31D41A72-9028-4ED4-9DD6-564763D11F33}.Debug|Any CPU.ActiveCfg = Debug|Any CPU
		{31D41A72-9028-4ED4-9DD6-564763D11F33}.Debug|Any CPU.Build.0 = Debug|Any CPU
		{31D41A72-9028-4ED4-9DD6-564763D11F33}.Release|Any CPU.ActiveCfg = Release|Any CPU
		{31D41A72-9028-4ED4-9DD6-564763D11F33}.Release|Any CPU.Build.0 = Release|Any CPU
	EndGlobalSection
	GlobalSection(NestedProjects) = preSolution
		{4D40B610-C925-49F0-84AE-BCC95126734F} = {A75B9CFE-5DDA-451D-9FC5-F439D33AA479}
		{4A2D6C85-3DEC-4C0D-BF6E-A6C03AA6F7A0} = {A75B9CFE-5DDA-451D-9FC5-F439D33AA479}
		{FC7F1E80-DDA7-464A-99C6-9BCE2E1DE5A8} = {A75B9CFE-5DDA-451D-9FC5-F439D33AA479}
		{D46156A2-D68D-42E5-B539-E9001FE39A99} = {A75B9CFE-5DDA-451D-9FC5-F439D33AA479}
		{274B3BD4-F189-437B-83D9-188EDF223CC4} = {A75B9CFE-5DDA-451D-9FC5-F439D33AA479}
		{31D41A72-9028-4ED4-9DD6-564763D11F33} = {FD82F997-C4D8-4F66-8A62-F7D36F627E52}
	EndGlobalSection
EndGlobal
