
Microsoft Visual Studio Solution File, Format Version 12.00
# Visual Studio Version 17
VisualStudioVersion = 17.0.31903.59
MinimumVisualStudioVersion = 10.0.40219.1
Project("{2150E333-8FDC-42A3-9474-1A3956D46DE8}") = "src", "src", "{D20CCFCB-09ED-45E6-A3B6-DEA5DD4D3264}"
EndProject
Project("{F2A71F9B-5D33-465A-A702-920D77279786}") = "Calcpad.Core", "src\Calcpad.Core\Calcpad.Core.fsproj", "{F7ABF050-5FF0-4F83-B2A6-4CA8D81B819A}"
EndProject
Project("{F2A71F9B-5D33-465A-A702-920D77279786}") = "Calcpad.ETABS", "src\Calcpad.ETABS\Calcpad.ETABS.fsproj", "{178774D2-FD6B-408F-BDD3-66E5CBC284B8}"
EndProject
Project("{2150E333-8FDC-42A3-9474-1A3956D46DE8}") = "Calcpad.Fable", "Calcpad.Fable", "{EDB0A33E-4E62-4BAB-8183-07D91FA3C01F}"
EndProject
Project("{F2A71F9B-5D33-465A-A702-920D77279786}") = "Calcpad.Fable", "src\Calcpad.Fable\src\Calcpad.Fable.fsproj", "{46C65240-76C5-4033-B3ED-ECADBF7703DD}"
EndProject
Global
	GlobalSection(SolutionConfigurationPlatforms) = preSolution
		Debug|Any CPU = Debug|Any CPU
		Release|Any CPU = Release|Any CPU
	EndGlobalSection
	GlobalSection(SolutionProperties) = preSolution
		HideSolutionNode = FALSE
	EndGlobalSection
	GlobalSection(ProjectConfigurationPlatforms) = postSolution
		{F7ABF050-5FF0-4F83-B2A6-4CA8D81B819A}.Debug|Any CPU.ActiveCfg = Debug|Any CPU
		{F7ABF050-5FF0-4F83-B2A6-4CA8D81B819A}.Debug|Any CPU.Build.0 = Debug|Any CPU
		{F7ABF050-5FF0-4F83-B2A6-4CA8D81B819A}.Release|Any CPU.ActiveCfg = Release|Any CPU
		{F7ABF050-5FF0-4F83-B2A6-4CA8D81B819A}.Release|Any CPU.Build.0 = Release|Any CPU
		{178774D2-FD6B-408F-BDD3-66E5CBC284B8}.Debug|Any CPU.ActiveCfg = Debug|Any CPU
		{178774D2-FD6B-408F-BDD3-66E5CBC284B8}.Debug|Any CPU.Build.0 = Debug|Any CPU
		{178774D2-FD6B-408F-BDD3-66E5CBC284B8}.Release|Any CPU.ActiveCfg = Release|Any CPU
		{178774D2-FD6B-408F-BDD3-66E5CBC284B8}.Release|Any CPU.Build.0 = Release|Any CPU
		{46C65240-76C5-4033-B3ED-ECADBF7703DD}.Debug|Any CPU.ActiveCfg = Debug|Any CPU
		{46C65240-76C5-4033-B3ED-ECADBF7703DD}.Debug|Any CPU.Build.0 = Debug|Any CPU
		{46C65240-76C5-4033-B3ED-ECADBF7703DD}.Release|Any CPU.ActiveCfg = Release|Any CPU
		{46C65240-76C5-4033-B3ED-ECADBF7703DD}.Release|Any CPU.Build.0 = Release|Any CPU
		{1ECCA105-1D5D-431F-9D97-6A467F28D240}.Debug|Any CPU.ActiveCfg = Debug|Any CPU
		{1ECCA105-1D5D-431F-9D97-6A467F28D240}.Debug|Any CPU.Build.0 = Debug|Any CPU
		{1ECCA105-1D5D-431F-9D97-6A467F28D240}.Release|Any CPU.ActiveCfg = Release|Any CPU
		{1ECCA105-1D5D-431F-9D97-6A467F28D240}.Release|Any CPU.Build.0 = Release|Any CPU
	EndGlobalSection
	GlobalSection(NestedProjects) = preSolution
		{F7ABF050-5FF0-4F83-B2A6-4CA8D81B819A} = {D20CCFCB-09ED-45E6-A3B6-DEA5DD4D3264}
		{178774D2-FD6B-408F-BDD3-66E5CBC284B8} = {D20CCFCB-09ED-45E6-A3B6-DEA5DD4D3264}
		{EDB0A33E-4E62-4BAB-8183-07D91FA3C01F} = {D20CCFCB-09ED-45E6-A3B6-DEA5DD4D3264}
		{46C65240-76C5-4033-B3ED-ECADBF7703DD} = {EDB0A33E-4E62-4BAB-8183-07D91FA3C01F}
		{1ECCA105-1D5D-431F-9D97-6A467F28D240} = {D20CCFCB-09ED-45E6-A3B6-DEA5DD4D3264}
	EndGlobalSection
EndGlobal
