
Microsoft Visual Studio Solution File, Format Version 12.00
# Visual Studio Version 17
VisualStudioVersion = 17.0.31903.59
MinimumVisualStudioVersion = 10.0.40219.1
Project("{2150E333-8FDC-42A3-9474-1A3956D46DE8}") = "src", "src", "{D2B73C49-A06E-47B5-ABF6-248E97B108E1}"
EndProject
Project("{F2A71F9B-5D33-465A-A702-920D77279786}") = "Calcpad", "src\Calcpad\Calcpad.fsproj", "{B7AD6BE8-FBDF-4654-8C01-40F772BBEB74}"
EndProject
Project("{F2A71F9B-5D33-465A-A702-920D77279786}") = "Calcpad.ETABS", "src\Calcpad.ETABS\Calcpad.ETABS.fsproj", "{6C697794-24F1-415B-9F25-7D308A294247}"
EndProject
Global
	GlobalSection(SolutionConfigurationPlatforms) = preSolution
		Debug|Any CPU = Debug|Any CPU
		Release|Any CPU = Release|Any CPU
	EndGlobalSection
	GlobalSection(SolutionProperties) = preSolution
		HideSolutionNode = FALSE
	EndGlobalSection
	GlobalSection(ProjectConfigurationPlatforms) = postSolution
		{B7AD6BE8-FBDF-4654-8C01-40F772BBEB74}.Debug|Any CPU.ActiveCfg = Debug|Any CPU
		{B7AD6BE8-FBDF-4654-8C01-40F772BBEB74}.Debug|Any CPU.Build.0 = Debug|Any CPU
		{B7AD6BE8-FBDF-4654-8C01-40F772BBEB74}.Release|Any CPU.ActiveCfg = Release|Any CPU
		{B7AD6BE8-FBDF-4654-8C01-40F772BBEB74}.Release|Any CPU.Build.0 = Release|Any CPU
		{6C697794-24F1-415B-9F25-7D308A294247}.Debug|Any CPU.ActiveCfg = Debug|Any CPU
		{6C697794-24F1-415B-9F25-7D308A294247}.Debug|Any CPU.Build.0 = Debug|Any CPU
		{6C697794-24F1-415B-9F25-7D308A294247}.Release|Any CPU.ActiveCfg = Release|Any CPU
		{6C697794-24F1-415B-9F25-7D308A294247}.Release|Any CPU.Build.0 = Release|Any CPU
	EndGlobalSection
	GlobalSection(NestedProjects) = preSolution
		{B7AD6BE8-FBDF-4654-8C01-40F772BBEB74} = {D2B73C49-A06E-47B5-ABF6-248E97B108E1}
		{6C697794-24F1-415B-9F25-7D308A294247} = {D2B73C49-A06E-47B5-ABF6-248E97B108E1}
	EndGlobalSection
EndGlobal
