
Microsoft Visual Studio Solution File, Format Version 12.00
# Visual Studio Version 17
VisualStudioVersion = 17.0.31903.59
MinimumVisualStudioVersion = 10.0.40219.1
Project("{F2A71F9B-5D33-465A-A702-920D77279786}") = "Gazelle", "src\Gazelle.fsproj", "{5428DD04-09FD-41FD-B89B-E58C64DCBDCF}"
EndProject
Project("{F2A71F9B-5D33-465A-A702-920D77279786}") = "Gazelle.Tests", "tests\Gazelle.Tests.fsproj", "{D539F49E-5374-4272-BFBB-F198068F1665}"
EndProject
Global
	GlobalSection(SolutionConfigurationPlatforms) = preSolution
		Debug|Any CPU = Debug|Any CPU
		Release|Any CPU = Release|Any CPU
	EndGlobalSection
	GlobalSection(SolutionProperties) = preSolution
		HideSolutionNode = FALSE
	EndGlobalSection
	GlobalSection(ProjectConfigurationPlatforms) = postSolution
		{5428DD04-09FD-41FD-B89B-E58C64DCBDCF}.Debug|Any CPU.ActiveCfg = Debug|Any CPU
		{5428DD04-09FD-41FD-B89B-E58C64DCBDCF}.Debug|Any CPU.Build.0 = Debug|Any CPU
		{5428DD04-09FD-41FD-B89B-E58C64DCBDCF}.Release|Any CPU.ActiveCfg = Release|Any CPU
		{5428DD04-09FD-41FD-B89B-E58C64DCBDCF}.Release|Any CPU.Build.0 = Release|Any CPU
		{D539F49E-5374-4272-BFBB-F198068F1665}.Debug|Any CPU.ActiveCfg = Debug|Any CPU
		{D539F49E-5374-4272-BFBB-F198068F1665}.Debug|Any CPU.Build.0 = Debug|Any CPU
		{D539F49E-5374-4272-BFBB-F198068F1665}.Release|Any CPU.ActiveCfg = Release|Any CPU
		{D539F49E-5374-4272-BFBB-F198068F1665}.Release|Any CPU.Build.0 = Release|Any CPU
	EndGlobalSection
EndGlobal
