{
  "name": "web",
  "lockfileVersion": 3,
  "requires": true,
  "packages": {
    "": {
      "dependencies": {
        "@calcpad.studio/fortress": "file:../fortress"
      }
    },
    "../fortress": {
      "name": "@calcpad.studio/fortress",
      "license": "AGPL-3.0-or-later",
      "devDependencies": {
        "@types/node": "^20.4.5",
        "esbuild": "0.17.16",
        "typescript": "^5.1.6"
      },
      "funding": {
        "type": "github sponsors",
        "url": "https://github.com/sponsors/jamesbayley"
      }
    },
    "../fortress/src": {
      "extraneous": true,
      "license": "AGPL-3.0-or-later",
      "devDependencies": {
        "@types/node": "^20.4.5",
        "esbuild": "0.17.16",
        "typescript": "^5.1.6"
      },
      "funding": {
        "type": "github sponsors",
        "url": "https://github.com/sponsors/jamesbayley"
      }
    },
    "node_modules/@calcpad.studio/fortress": {
      "resolved": "../fortress",
      "link": true
    }
  }
}
