
Microsoft Visual Studio Solution File, Format Version 12.00
# Visual Studio Version 17
VisualStudioVersion = 17.0.31903.59
MinimumVisualStudioVersion = 10.0.40219.1
Project("{F2A71F9B-5D33-465A-A702-920D77279786}") = "Fortress", "src\Fortress.fsproj", "{111A1882-FE9E-4E9A-98C4-B891CB654A3E}"
EndProject
Global
	GlobalSection(SolutionConfigurationPlatforms) = preSolution
		Debug|Any CPU = Debug|Any CPU
		Release|Any CPU = Release|Any CPU
	EndGlobalSection
	GlobalSection(SolutionProperties) = preSolution
		HideSolutionNode = FALSE
	EndGlobalSection
	GlobalSection(ProjectConfigurationPlatforms) = postSolution
		{111A1882-FE9E-4E9A-98C4-B891CB654A3E}.Debug|Any CPU.ActiveCfg = Debug|Any CPU
		{111A1882-FE9E-4E9A-98C4-B891CB654A3E}.Debug|Any CPU.Build.0 = Debug|Any CPU
		{111A1882-FE9E-4E9A-98C4-B891CB654A3E}.Release|Any CPU.ActiveCfg = Release|Any CPU
		{111A1882-FE9E-4E9A-98C4-B891CB654A3E}.Release|Any CPU.Build.0 = Release|Any CPU
	EndGlobalSection
EndGlobal
